// !$*UTF8*$!
{
	archiveVersion = 1;
	classes = {
	};
	objectVersion = 48;
	objects = {

/* Begin PBXBuildFile section */
		1D9BCAC81F9D29600024679F /* PodcastItem.swift in Sources */ = {isa = PBXBuildFile; fileRef = 1D9BCAC71F9D29600024679F /* PodcastItem.swift */; };
		1D9BCACA1F9D30A50024679F /* PodcastTableViewController.swift in Sources */ = {isa = PBXBuildFile; fileRef = 1D9BCAC91F9D30A50024679F /* PodcastTableViewController.swift */; };
		1D9BCACE1F9D35FA0024679F /* PodcastTableViewCell.swift in Sources */ = {isa = PBXBuildFile; fileRef = 1D9BCACD1F9D35FA0024679F /* PodcastTableViewCell.swift */; };
		1D9BCAD01F9D5E650024679F /* MediaPlayer.framework in Frameworks */ = {isa = PBXBuildFile; fileRef = 1D9BCACF1F9D5E650024679F /* MediaPlayer.framework */; };
		1D9BCAD41F9D7CF80024679F /* PlaylistTableViewController.swift in Sources */ = {isa = PBXBuildFile; fileRef = 1D9BCAD31F9D7CF80024679F /* PlaylistTableViewController.swift */; };
		1D9BCAD61F9D7F020024679F /* PlaylistTableViewCell.swift in Sources */ = {isa = PBXBuildFile; fileRef = 1D9BCAD51F9D7F020024679F /* PlaylistTableViewCell.swift */; };
		60A18B221F86F2EC00BA92CD /* AppDelegate.swift in Sources */ = {isa = PBXBuildFile; fileRef = 60A18B211F86F2EC00BA92CD /* AppDelegate.swift */; };
		60A18B241F86F2EC00BA92CD /* ViewController.swift in Sources */ = {isa = PBXBuildFile; fileRef = 60A18B231F86F2EC00BA92CD /* ViewController.swift */; };
		60A18B271F86F2EC00BA92CD /* Main.storyboard in Resources */ = {isa = PBXBuildFile; fileRef = 60A18B251F86F2EC00BA92CD /* Main.storyboard */; };
		60A18B291F86F2EC00BA92CD /* Assets.xcassets in Resources */ = {isa = PBXBuildFile; fileRef = 60A18B281F86F2EC00BA92CD /* Assets.xcassets */; };
		60A18B2C1F86F2EC00BA92CD /* LaunchScreen.storyboard in Resources */ = {isa = PBXBuildFile; fileRef = 60A18B2A1F86F2EC00BA92CD /* LaunchScreen.storyboard */; };
		9015BD387353BAB581B357A2 /* Pods_Homework2.framework in Frameworks */ = {isa = PBXBuildFile; fileRef = 159CDDCA4BC87EA42E70DB73 /* Pods_Homework2.framework */; };
/* End PBXBuildFile section */

/* Begin PBXFileReference section */
		159CDDCA4BC87EA42E70DB73 /* Pods_Homework2.framework */ = {isa = PBXFileReference; explicitFileType = wrapper.framework; includeInIndex = 0; path = Pods_Homework2.framework; sourceTree = BUILT_PRODUCTS_DIR; };
		1D9BCAC71F9D29600024679F /* PodcastItem.swift */ = {isa = PBXFileReference; lastKnownFileType = sourcecode.swift; path = PodcastItem.swift; sourceTree = "<group>"; };
		1D9BCAC91F9D30A50024679F /* PodcastTableViewController.swift */ = {isa = PBXFileReference; lastKnownFileType = sourcecode.swift; path = PodcastTableViewController.swift; sourceTree = "<group>"; };
		1D9BCACD1F9D35FA0024679F /* PodcastTableViewCell.swift */ = {isa = PBXFileReference; lastKnownFileType = sourcecode.swift; path = PodcastTableViewCell.swift; sourceTree = "<group>"; };
		1D9BCACF1F9D5E650024679F /* MediaPlayer.framework */ = {isa = PBXFileReference; lastKnownFileType = wrapper.framework; name = MediaPlayer.framework; path = System/Library/Frameworks/MediaPlayer.framework; sourceTree = SDKROOT; };
		1D9BCAD31F9D7CF80024679F /* PlaylistTableViewController.swift */ = {isa = PBXFileReference; lastKnownFileType = sourcecode.swift; path = PlaylistTableViewController.swift; sourceTree = "<group>"; };
		1D9BCAD51F9D7F020024679F /* PlaylistTableViewCell.swift */ = {isa = PBXFileReference; lastKnownFileType = sourcecode.swift; path = PlaylistTableViewCell.swift; sourceTree = "<group>"; };
		60A18B1E1F86F2EC00BA92CD /* Homework2.app */ = {isa = PBXFileReference; explicitFileType = wrapper.application; includeInIndex = 0; path = Homework2.app; sourceTree = BUILT_PRODUCTS_DIR; };
		60A18B211F86F2EC00BA92CD /* AppDelegate.swift */ = {isa = PBXFileReference; lastKnownFileType = sourcecode.swift; path = AppDelegate.swift; sourceTree = "<group>"; };
		60A18B231F86F2EC00BA92CD /* ViewController.swift */ = {isa = PBXFileReference; lastKnownFileType = sourcecode.swift; path = ViewController.swift; sourceTree = "<group>"; };
		60A18B261F86F2EC00BA92CD /* Base */ = {isa = PBXFileReference; lastKnownFileType = file.storyboard; name = Base; path = Base.lproj/Main.storyboard; sourceTree = "<group>"; };
		60A18B281F86F2EC00BA92CD /* Assets.xcassets */ = {isa = PBXFileReference; lastKnownFileType = folder.assetcatalog; path = Assets.xcassets; sourceTree = "<group>"; };
		60A18B2B1F86F2EC00BA92CD /* Base */ = {isa = PBXFileReference; lastKnownFileType = file.storyboard; name = Base; path = Base.lproj/LaunchScreen.storyboard; sourceTree = "<group>"; };
		60A18B2D1F86F2EC00BA92CD /* Info.plist */ = {isa = PBXFileReference; lastKnownFileType = text.plist.xml; path = Info.plist; sourceTree = "<group>"; };
		DA8DF7A902D98E68EBA191DC /* Pods-Homework2.release.xcconfig */ = {isa = PBXFileReference; includeInIndex = 1; lastKnownFileType = text.xcconfig; name = "Pods-Homework2.release.xcconfig"; path = "Pods/Target Support Files/Pods-Homework2/Pods-Homework2.release.xcconfig"; sourceTree = "<group>"; };
		DC373CD842120869A7BAA01B /* Pods-Homework2.debug.xcconfig */ = {isa = PBXFileReference; includeInIndex = 1; lastKnownFileType = text.xcconfig; name = "Pods-Homework2.debug.xcconfig"; path = "Pods/Target Support Files/Pods-Homework2/Pods-Homework2.debug.xcconfig"; sourceTree = "<group>"; };
/* End PBXFileReference section */

/* Begin PBXFrameworksBuildPhase section */
		60A18B1B1F86F2EC00BA92CD /* Frameworks */ = {
			isa = PBXFrameworksBuildPhase;
			buildActionMask = 2147483647;
			files = (
				1D9BCAD01F9D5E650024679F /* MediaPlayer.framework in Frameworks */,
				9015BD387353BAB581B357A2 /* Pods_Homework2.framework in Frameworks */,
			);
			runOnlyForDeploymentPostprocessing = 0;
		};
/* End PBXFrameworksBuildPhase section */

/* Begin PBXGroup section */
		60A18B151F86F2EC00BA92CD = {
			isa = PBXGroup;
			children = (
				60A18B201F86F2EC00BA92CD /* Homework2 */,
				60A18B1F1F86F2EC00BA92CD /* Products */,
				E7E2A8E0770DD19E9CDB2E1F /* Pods */,
				805434A00B5AE685E1E54516 /* Frameworks */,
			);
			sourceTree = "<group>";
		};
		60A18B1F1F86F2EC00BA92CD /* Products */ = {
			isa = PBXGroup;
			children = (
				60A18B1E1F86F2EC00BA92CD /* Homework2.app */,
			);
			name = Products;
			sourceTree = "<group>";
		};
		60A18B201F86F2EC00BA92CD /* Homework2 */ = {
			isa = PBXGroup;
			children = (
				60A18B211F86F2EC00BA92CD /* AppDelegate.swift */,
				60A18B231F86F2EC00BA92CD /* ViewController.swift */,
				60A18B251F86F2EC00BA92CD /* Main.storyboard */,
				60A18B281F86F2EC00BA92CD /* Assets.xcassets */,
				60A18B2A1F86F2EC00BA92CD /* LaunchScreen.storyboard */,
				60A18B2D1F86F2EC00BA92CD /* Info.plist */,
				1D9BCAC71F9D29600024679F /* PodcastItem.swift */,
				1D9BCAC91F9D30A50024679F /* PodcastTableViewController.swift */,
				1D9BCACD1F9D35FA0024679F /* PodcastTableViewCell.swift */,
				1D9BCAD51F9D7F020024679F /* PlaylistTableViewCell.swift */,
				1D9BCAD31F9D7CF80024679F /* PlaylistTableViewController.swift */,
			);
			path = Homework2;
			sourceTree = "<group>";
		};
		805434A00B5AE685E1E54516 /* Frameworks */ = {
			isa = PBXGroup;
			children = (
				1D9BCACF1F9D5E650024679F /* MediaPlayer.framework */,
				159CDDCA4BC87EA42E70DB73 /* Pods_Homework2.framework */,
			);
			name = Frameworks;
			sourceTree = "<group>";
		};
		E7E2A8E0770DD19E9CDB2E1F /* Pods */ = {
			isa = PBXGroup;
			children = (
				DC373CD842120869A7BAA01B /* Pods-Homework2.debug.xcconfig */,
				DA8DF7A902D98E68EBA191DC /* Pods-Homework2.release.xcconfig */,
			);
			name = Pods;
			sourceTree = "<group>";
		};
/* End PBXGroup section */

/* Begin PBXNativeTarget section */
		60A18B1D1F86F2EC00BA92CD /* Homework2 */ = {
			isa = PBXNativeTarget;
			buildConfigurationList = 60A18B301F86F2EC00BA92CD /* Build configuration list for PBXNativeTarget "Homework2" */;
			buildPhases = (
				AB05AB90D67104F49802EFAE /* [CP] Check Pods Manifest.lock */,
				60A18B1A1F86F2EC00BA92CD /* Sources */,
				60A18B1B1F86F2EC00BA92CD /* Frameworks */,
				60A18B1C1F86F2EC00BA92CD /* Resources */,
				B7F7BB8DB01F5832F8CBC313 /* [CP] Embed Pods Frameworks */,
				70EDE49895A682A7463842BB /* [CP] Copy Pods Resources */,
			);
			buildRules = (
			);
			dependencies = (
			);
			name = Homework2;
			productName = Homework2;
			productReference = 60A18B1E1F86F2EC00BA92CD /* Homework2.app */;
			productType = "com.apple.product-type.application";
		};
/* End PBXNativeTarget section */

/* Begin PBXProject section */
		60A18B161F86F2EC00BA92CD /* Project object */ = {
			isa = PBXProject;
			attributes = {
				LastSwiftUpdateCheck = 0900;
				LastUpgradeCheck = 0900;
				ORGANIZATIONNAME = "Shehab, Mohamed";
				TargetAttributes = {
					60A18B1D1F86F2EC00BA92CD = {
						CreatedOnToolsVersion = 9.0;
						ProvisioningStyle = Automatic;
					};
				};
			};
			buildConfigurationList = 60A18B191F86F2EC00BA92CD /* Build configuration list for PBXProject "Homework2" */;
			compatibilityVersion = "Xcode 8.0";
			developmentRegion = en;
			hasScannedForEncodings = 0;
			knownRegions = (
				en,
				Base,
			);
			mainGroup = 60A18B151F86F2EC00BA92CD;
			productRefGroup = 60A18B1F1F86F2EC00BA92CD /* Products */;
			projectDirPath = "";
			projectRoot = "";
			targets = (
				60A18B1D1F86F2EC00BA92CD /* Homework2 */,
			);
		};
/* End PBXProject section */

/* Begin PBXResourcesBuildPhase section */
		60A18B1C1F86F2EC00BA92CD /* Resources */ = {
			isa = PBXResourcesBuildPhase;
			buildActionMask = 2147483647;
			files = (
				60A18B2C1F86F2EC00BA92CD /* LaunchScreen.storyboard in Resources */,
				60A18B291F86F2EC00BA92CD /* Assets.xcassets in Resources */,
				60A18B271F86F2EC00BA92CD /* Main.storyboard in Resources */,
			);
			runOnlyForDeploymentPostprocessing = 0;
		};
/* End PBXResourcesBuildPhase section */

/* Begin PBXShellScriptBuildPhase section */
		70EDE49895A682A7463842BB /* [CP] Copy Pods Resources */ = {
			isa = PBXShellScriptBuildPhase;
			buildActionMask = 2147483647;
			files = (
			);
			inputPaths = (
			);
			name = "[CP] Copy Pods Resources";
			outputPaths = (
			);
			runOnlyForDeploymentPostprocessing = 0;
			shellPath = /bin/sh;
			shellScript = "\"${SRCROOT}/Pods/Target Support Files/Pods-Homework2/Pods-Homework2-resources.sh\"\n";
			showEnvVarsInLog = 0;
		};
		AB05AB90D67104F49802EFAE /* [CP] Check Pods Manifest.lock */ = {
			isa = PBXShellScriptBuildPhase;
			buildActionMask = 2147483647;
			files = (
			);
			inputPaths = (
				"${PODS_PODFILE_DIR_PATH}/Podfile.lock",
				"${PODS_ROOT}/Manifest.lock",
			);
			name = "[CP] Check Pods Manifest.lock";
			outputPaths = (
				"$(DERIVED_FILE_DIR)/Pods-Homework2-checkManifestLockResult.txt",
			);
			runOnlyForDeploymentPostprocessing = 0;
			shellPath = /bin/sh;
			shellScript = "diff \"${PODS_PODFILE_DIR_PATH}/Podfile.lock\" \"${PODS_ROOT}/Manifest.lock\" > /dev/null\nif [ $? != 0 ] ; then\n    # print error to STDERR\n    echo \"error: The sandbox is not in sync with the Podfile.lock. Run 'pod install' or update your CocoaPods installation.\" >&2\n    exit 1\nfi\n# This output is used by Xcode 'outputs' to avoid re-running this script phase.\necho \"SUCCESS\" > \"${SCRIPT_OUTPUT_FILE_0}\"\n";
			showEnvVarsInLog = 0;
		};
		B7F7BB8DB01F5832F8CBC313 /* [CP] Embed Pods Frameworks */ = {
			isa = PBXShellScriptBuildPhase;
			buildActionMask = 2147483647;
			files = (
			);
			inputPaths = (
				"${SRCROOT}/Pods/Target Support Files/Pods-Homework2/Pods-Homework2-frameworks.sh",
				"${BUILT_PRODUCTS_DIR}/Alamofire/Alamofire.framework",
				"${BUILT_PRODUCTS_DIR}/SDWebImage/SDWebImage.framework",
			);
			name = "[CP] Embed Pods Frameworks";
			outputPaths = (
				"${TARGET_BUILD_DIR}/${FRAMEWORKS_FOLDER_PATH}/Alamofire.framework",
				"${TARGET_BUILD_DIR}/${FRAMEWORKS_FOLDER_PATH}/SDWebImage.framework",
			);
			runOnlyForDeploymentPostprocessing = 0;
			shellPath = /bin/sh;
			shellScript = "\"${SRCROOT}/Pods/Target Support Files/Pods-Homework2/Pods-Homework2-frameworks.sh\"\n";
			showEnvVarsInLog = 0;
		};
/* End PBXShellScriptBuildPhase section */

/* Begin PBXSourcesBuildPhase section */
		60A18B1A1F86F2EC00BA92CD /* Sources */ = {
			isa = PBXSourcesBuildPhase;
			buildActionMask = 2147483647;
			files = (
				1D9BCACA1F9D30A50024679F /* PodcastTableViewController.swift in Sources */,
				1D9BCAD41F9D7CF80024679F /* PlaylistTableViewController.swift in Sources */,
				1D9BCAD61F9D7F020024679F /* PlaylistTableViewCell.swift in Sources */,
				60A18B241F86F2EC00BA92CD /* ViewController.swift in Sources */,
				1D9BCAC81F9D29600024679F /* PodcastItem.swift in Sources */,
				1D9BCACE1F9D35FA0024679F /* PodcastTableViewCell.swift in Sources */,
				60A18B221F86F2EC00BA92CD /* AppDelegate.swift in Sources */,
			);
			runOnlyForDeploymentPostprocessing = 0;
		};
/* End PBXSourcesBuildPhase section */

/* Begin PBXVariantGroup section */
		60A18B251F86F2EC00BA92CD /* Main.storyboard */ = {
			isa = PBXVariantGroup;
			children = (
				60A18B261F86F2EC00BA92CD /* Base */,
			);
			name = Main.storyboard;
			sourceTree = "<group>";
		};
		60A18B2A1F86F2EC00BA92CD /* LaunchScreen.storyboard */ = {
			isa = PBXVariantGroup;
			children = (
				60A18B2B1F86F2EC00BA92CD /* Base */,
			);
			name = LaunchScreen.storyboard;
			sourceTree = "<group>";
		};
/* End PBXVariantGroup section */

/* Begin XCBuildConfiguration section */
		60A18B2E1F86F2EC00BA92CD /* Debug */ = {
			isa = XCBuildConfiguration;
			buildSettings = {
				ALWAYS_SEARCH_USER_PATHS = NO;
				CLANG_ANALYZER_NONNULL = YES;
				CLANG_ANALYZER_NUMBER_OBJECT_CONVERSION = YES_AGGRESSIVE;
				CLANG_CXX_LANGUAGE_STANDARD = "gnu++14";
				CLANG_CXX_LIBRARY = "libc++";
				CLANG_ENABLE_MODULES = YES;
				CLANG_ENABLE_OBJC_ARC = YES;
				CLANG_WARN_BLOCK_CAPTURE_AUTORELEASING = YES;
				CLANG_WARN_BOOL_CONVERSION = YES;
				CLANG_WARN_COMMA = YES;
				CLANG_WARN_CONSTANT_CONVERSION = YES;
				CLANG_WARN_DIRECT_OBJC_ISA_USAGE = YES_ERROR;
				CLANG_WARN_DOCUMENTATION_COMMENTS = YES;
				CLANG_WARN_EMPTY_BODY = YES;
				CLANG_WARN_ENUM_CONVERSION = YES;
				CLANG_WARN_INFINITE_RECURSION = YES;
				CLANG_WARN_INT_CONVERSION = YES;
				CLANG_WARN_NON_LITERAL_NULL_CONVERSION = YES;
				CLANG_WARN_OBJC_LITERAL_CONVERSION = YES;
				CLANG_WARN_OBJC_ROOT_CLASS = YES_ERROR;
				CLANG_WARN_RANGE_LOOP_ANALYSIS = YES;
				CLANG_WARN_STRICT_PROTOTYPES = YES;
				CLANG_WARN_SUSPICIOUS_MOVE = YES;
				CLANG_WARN_UNGUARDED_AVAILABILITY = YES_AGGRESSIVE;
				CLANG_WARN_UNREACHABLE_CODE = YES;
				CLANG_WARN__DUPLICATE_METHOD_MATCH = YES;
				CODE_SIGN_IDENTITY = "iPhone Developer";
				COPY_PHASE_STRIP = NO;
				DEBUG_INFORMATION_FORMAT = dwarf;
				ENABLE_STRICT_OBJC_MSGSEND = YES;
				ENABLE_TESTABILITY = YES;
				GCC_C_LANGUAGE_STANDARD = gnu11;
				GCC_DYNAMIC_NO_PIC = NO;
				GCC_NO_COMMON_BLOCKS = YES;
				GCC_OPTIMIZATION_LEVEL = 0;
				GCC_PREPROCESSOR_DEFINITIONS = (
					"DEBUG=1",
					"$(inherited)",
				);
				GCC_WARN_64_TO_32_BIT_CONVERSION = YES;
				GCC_WARN_ABOUT_RETURN_TYPE = YES_ERROR;
				GCC_WARN_UNDECLARED_SELECTOR = YES;
				GCC_WARN_UNINITIALIZED_AUTOS = YES_AGGRESSIVE;
				GCC_WARN_UNUSED_FUNCTION = YES;
				GCC_WARN_UNUSED_VARIABLE = YES;
				IPHONEOS_DEPLOYMENT_TARGET = 11.0;
				MTL_ENABLE_DEBUG_INFO = YES;
				ONLY_ACTIVE_ARCH = YES;
				SDKROOT = iphoneos;
				SWIFT_ACTIVE_COMPILATION_CONDITIONS = DEBUG;
				SWIFT_OPTIMIZATION_LEVEL = "-Onone";
			};
			name = Debug;
		};
		60A18B2F1F86F2EC00BA92CD /* Release */ = {
			isa = XCBuildConfiguration;
			buildSettings = {
				ALWAYS_SEARCH_USER_PATHS = NO;
				CLANG_ANALYZER_NONNULL = YES;
				CLANG_ANALYZER_NUMBER_OBJECT_CONVERSION = YES_AGGRESSIVE;
				CLANG_CXX_LANGUAGE_STANDARD = "gnu++14";
				CLANG_CXX_LIBRARY = "libc++";
				CLANG_ENABLE_MODULES = YES;
				CLANG_ENABLE_OBJC_ARC = YES;
				CLANG_WARN_BLOCK_CAPTURE_AUTORELEASING = YES;
				CLANG_WARN_BOOL_CONVERSION = YES;
				CLANG_WARN_COMMA = YES;
				CLANG_WARN_CONSTANT_CONVERSION = YES;
				CLANG_WARN_DIRECT_OBJC_ISA_USAGE = YES_ERROR;
				CLANG_WARN_DOCUMENTATION_COMMENTS = YES;
				CLANG_WARN_EMPTY_BODY = YES;
				CLANG_WARN_ENUM_CONVERSION = YES;
				CLANG_WARN_INFINITE_RECURSION = YES;
				CLANG_WARN_INT_CONVERSION = YES;
				CLANG_WARN_NON_LITERAL_NULL_CONVERSION = YES;
				CLANG_WARN_OBJC_LITERAL_CONVERSION = YES;
				CLANG_WARN_OBJC_ROOT_CLASS = YES_ERROR;
				CLANG_WARN_RANGE_LOOP_ANALYSIS = YES;
				CLANG_WARN_STRICT_PROTOTYPES = YES;
				CLANG_WARN_SUSPICIOUS_MOVE = YES;
				CLANG_WARN_UNGUARDED_AVAILABILITY = YES_AGGRESSIVE;
				CLANG_WARN_UNREACHABLE_CODE = YES;
				CLANG_WARN__DUPLICATE_METHOD_MATCH = YES;
				CODE_SIGN_IDENTITY = "iPhone Developer";
				COPY_PHASE_STRIP = NO;
				DEBUG_INFORMATION_FORMAT = "dwarf-with-dsym";
				ENABLE_NS_ASSERTIONS = NO;
				ENABLE_STRICT_OBJC_MSGSEND = YES;
				GCC_C_LANGUAGE_STANDARD = gnu11;
				GCC_NO_COMMON_BLOCKS = YES;
				GCC_WARN_64_TO_32_BIT_CONVERSION = YES;
				GCC_WARN_ABOUT_RETURN_TYPE = YES_ERROR;
				GCC_WARN_UNDECLARED_SELECTOR = YES;
				GCC_WARN_UNINITIALIZED_AUTOS = YES_AGGRESSIVE;
				GCC_WARN_UNUSED_FUNCTION = YES;
				GCC_WARN_UNUSED_VARIABLE = YES;
				IPHONEOS_DEPLOYMENT_TARGET = 11.0;
				MTL_ENABLE_DEBUG_INFO = NO;
				SDKROOT = iphoneos;
				SWIFT_OPTIMIZATION_LEVEL = "-Owholemodule";
				VALIDATE_PRODUCT = YES;
			};
			name = Release;
		};
		60A18B311F86F2EC00BA92CD /* Debug */ = {
			isa = XCBuildConfiguration;
			baseConfigurationReference = DC373CD842120869A7BAA01B /* Pods-Homework2.debug.xcconfig */;
			buildSettings = {
				ASSETCATALOG_COMPILER_APPICON_NAME = AppIcon;
				CODE_SIGN_STYLE = Automatic;
				INFOPLIST_FILE = Homework2/Info.plist;
				LD_RUNPATH_SEARCH_PATHS = "$(inherited) @executable_path/Frameworks";
				PRODUCT_BUNDLE_IDENTIFIER = com.example.Homework2;
				PRODUCT_NAME = "$(TARGET_NAME)";
				SWIFT_VERSION = 4.0;
				TARGETED_DEVICE_FAMILY = "1,2";
			};
			name = Debug;
		};
		60A18B321F86F2EC00BA92CD /* Release */ = {
			isa = XCBuildConfiguration;
			baseConfigurationReference = DA8DF7A902D98E68EBA191DC /* Pods-Homework2.release.xcconfig */;
			buildSettings = {
				ASSETCATALOG_COMPILER_APPICON_NAME = AppIcon;
				CODE_SIGN_STYLE = Automatic;
				INFOPLIST_FILE = Homework2/Info.plist;
				LD_RUNPATH_SEARCH_PATHS = "$(inherited) @executable_path/Frameworks";
				PRODUCT_BUNDLE_IDENTIFIER = com.example.Homework2;
				PRODUCT_NAME = "$(TARGET_NAME)";
				SWIFT_VERSION = 4.0;
				TARGETED_DEVICE_FAMILY = "1,2";
			};
			name = Release;
		};
/* End XCBuildConfiguration section */

/* Begin XCConfigurationList section */
		60A18B191F86F2EC00BA92CD /* Build configuration list for PBXProject "Homework2" */ = {
			isa = XCConfigurationList;
			buildConfigurations = (
				60A18B2E1F86F2EC00BA92CD /* Debug */,
				60A18B2F1F86F2EC00BA92CD /* Release */,
			);
			defaultConfigurationIsVisible = 0;
			defaultConfigurationName = Release;
		};
		60A18B301F86F2EC00BA92CD /* Build configuration list for PBXNativeTarget "Homework2" */ = {
			isa = XCConfigurationList;
			buildConfigurations = (
				60A18B311F86F2EC00BA92CD /* Debug */,
				60A18B321F86F2EC00BA92CD /* Release */,
			);
			defaultConfigurationIsVisible = 0;
			defaultConfigurationName = Release;
		};
/* End XCConfigurationList section */
	};
	rootObject = 60A18B161F86F2EC00BA92CD /* Project object */;
}
